
Microsoft Visual Studio Solution File, Format Version 12.00
# Visual Studio Version 17
VisualStudioVersion = 17.8.34525.116
MinimumVisualStudioVersion = 10.0.40219.1
Project("{9A19103F-16F7-4668-BE54-9A1E7A4F7556}") = "TheMuseum", "TheMuseum\TheMuseum.csproj", "{7C82DBD8-BB9D-4D2D-A941-5B4D7CE3EBAA}"
EndProject
Project("{9A19103F-16F7-4668-BE54-9A1E7A4F7556}") = "TheMuseum.Autotification", "TheMuseum.Autotification\TheMuseum.Autotification.csproj", "{B90B2C2A-4396-4AEB-AAC5-2BBA8B08ED39}"
EndProject
Project("{FAE04EC0-301F-11D3-BF4B-00C04F79EFBC}") = "TheMuseum.Shared", "TheMuseum.Shared\TheMuseum.Shared.csproj", "{E07F8D1A-E0BF-47A4-AE47-63A408954B26}"
EndProject
Project("{FAE04EC0-301F-11D3-BF4B-00C04F79EFBC}") = "TheMuseum.Biography", "TheMuseum.Biography\TheMuseum.Biography.csproj", "{2B1445C6-66F8-4D07-9E74-8CBFE294550E}"
EndProject
Global
	GlobalSection(SolutionConfigurationPlatforms) = preSolution
		Debug|Any CPU = Debug|Any CPU
		Release|Any CPU = Release|Any CPU
	EndGlobalSection
	GlobalSection(ProjectConfigurationPlatforms) = postSolution
		{7C82DBD8-BB9D-4D2D-A941-5B4D7CE3EBAA}.Debug|Any CPU.ActiveCfg = Debug|Any CPU
		{7C82DBD8-BB9D-4D2D-A941-5B4D7CE3EBAA}.Debug|Any CPU.Build.0 = Debug|Any CPU
		{7C82DBD8-BB9D-4D2D-A941-5B4D7CE3EBAA}.Release|Any CPU.ActiveCfg = Release|Any CPU
		{7C82DBD8-BB9D-4D2D-A941-5B4D7CE3EBAA}.Release|Any CPU.Build.0 = Release|Any CPU
		{B90B2C2A-4396-4AEB-AAC5-2BBA8B08ED39}.Debug|Any CPU.ActiveCfg = Debug|Any CPU
		{B90B2C2A-4396-4AEB-AAC5-2BBA8B08ED39}.Debug|Any CPU.Build.0 = Debug|Any CPU
		{B90B2C2A-4396-4AEB-AAC5-2BBA8B08ED39}.Release|Any CPU.ActiveCfg = Release|Any CPU
		{B90B2C2A-4396-4AEB-AAC5-2BBA8B08ED39}.Release|Any CPU.Build.0 = Release|Any CPU
		{E07F8D1A-E0BF-47A4-AE47-63A408954B26}.Debug|Any CPU.ActiveCfg = Debug|Any CPU
		{E07F8D1A-E0BF-47A4-AE47-63A408954B26}.Debug|Any CPU.Build.0 = Debug|Any CPU
		{E07F8D1A-E0BF-47A4-AE47-63A408954B26}.Release|Any CPU.ActiveCfg = Release|Any CPU
		{E07F8D1A-E0BF-47A4-AE47-63A408954B26}.Release|Any CPU.Build.0 = Release|Any CPU
		{2B1445C6-66F8-4D07-9E74-8CBFE294550E}.Debug|Any CPU.ActiveCfg = Debug|Any CPU
		{2B1445C6-66F8-4D07-9E74-8CBFE294550E}.Debug|Any CPU.Build.0 = Debug|Any CPU
		{2B1445C6-66F8-4D07-9E74-8CBFE294550E}.Release|Any CPU.ActiveCfg = Release|Any CPU
		{2B1445C6-66F8-4D07-9E74-8CBFE294550E}.Release|Any CPU.Build.0 = Release|Any CPU
	EndGlobalSection
	GlobalSection(SolutionProperties) = preSolution
		HideSolutionNode = FALSE
	EndGlobalSection
	GlobalSection(ExtensibilityGlobals) = postSolution
		SolutionGuid = {D4EFE4BA-4820-4A63-8E1A-C6ED8CDD5F61}
	EndGlobalSection
EndGlobal
